
Microsoft Visual Studio Solution File, Format Version 12.00
# Visual Studio Version 17
VisualStudioVersion = 17.11.35327.3
MinimumVisualStudioVersion = 10.0.40219.1
Project("{FAE04EC0-301F-11D3-BF4B-00C04F79EFBC}") = "TradingApp.API", "TradingApp.API.csproj", "{DE3C5EF6-3A3F-4251-9D96-1EDBCEFB9286}"
EndProject
Global
	GlobalSection(SolutionConfigurationPlatforms) = preSolution
		Debug|Any CPU = Debug|Any CPU
		Release|Any CPU = Release|Any CPU
	EndGlobalSection
	GlobalSection(ProjectConfigurationPlatforms) = postSolution
		{DE3C5EF6-3A3F-4251-9D96-1EDBCEFB9286}.Debug|Any CPU.ActiveCfg = Debug|Any CPU
		{DE3C5EF6-3A3F-4251-9D96-1EDBCEFB9286}.Debug|Any CPU.Build.0 = Debug|Any CPU
		{DE3C5EF6-3A3F-4251-9D96-1EDBCEFB9286}.Release|Any CPU.ActiveCfg = Release|Any CPU
		{DE3C5EF6-3A3F-4251-9D96-1EDBCEFB9286}.Release|Any CPU.Build.0 = Release|Any CPU
	EndGlobalSection
	GlobalSection(SolutionProperties) = preSolution
		HideSolutionNode = FALSE
	EndGlobalSection
	GlobalSection(ExtensibilityGlobals) = postSolution
		SolutionGuid = {67CFE5C5-0BCF-4AF0-8402-FCC4EE35C90E}
	EndGlobalSection
EndGlobal
